
Microsoft Visual Studio Solution File, Format Version 12.00
# Visual Studio Version 16
VisualStudioVersion = 16.0.31624.102
MinimumVisualStudioVersion = 10.0.40219.1
Project("{FAE04EC0-301F-11D3-BF4B-00C04F79EFBC}") = "29-OOP_DepoUygulamasi", "29-OOP_DepoUygulamasi\29-OOP_DepoUygulamasi.csproj", "{6811D725-E28B-43C1-9FBD-3E0A7414B9CB}"
EndProject
Global
	GlobalSection(SolutionConfigurationPlatforms) = preSolution
		Debug|Any CPU = Debug|Any CPU
		Release|Any CPU = Release|Any CPU
	EndGlobalSection
	GlobalSection(ProjectConfigurationPlatforms) = postSolution
		{6811D725-E28B-43C1-9FBD-3E0A7414B9CB}.Debug|Any CPU.ActiveCfg = Debug|Any CPU
		{6811D725-E28B-43C1-9FBD-3E0A7414B9CB}.Debug|Any CPU.Build.0 = Debug|Any CPU
		{6811D725-E28B-43C1-9FBD-3E0A7414B9CB}.Release|Any CPU.ActiveCfg = Release|Any CPU
		{6811D725-E28B-43C1-9FBD-3E0A7414B9CB}.Release|Any CPU.Build.0 = Release|Any CPU
	EndGlobalSection
	GlobalSection(SolutionProperties) = preSolution
		HideSolutionNode = FALSE
	EndGlobalSection
	GlobalSection(ExtensibilityGlobals) = postSolution
		SolutionGuid = {F127782D-F9D9-489C-BB28-D764F5F3BE86}
	EndGlobalSection
EndGlobal
